# This file is automatically @generated by Cargo.
# It is not intended for manual editing.
version = 4

[[package]]
name = "topaz_check"
version = "5.20.0"
dependencies = [
 "topaz_diag",
 "topaz_hir",
 "topaz_syntax",
]

[[package]]
name = "topaz_diag"
version = "5.20.0"

[[package]]
name = "topaz_difftest"
version = "5.17.0"
dependencies = [
 "topaz_diag",
 "topaz_emit",
 "topaz_interp",
 "topaz_lower",
 "topaz_resolve",
 "topaz_rt",
 "topaz_syntax",
 "topaz_value",
]

[[package]]
name = "topaz_difftest_native"
version = "5.17.0"
dependencies = [
 "topaz_check",
 "topaz_diag",
 "topaz_emit",
 "topaz_hir",
 "topaz_interp",
 "topaz_lower",
 "topaz_parser",
 "topaz_resolve",
 "topaz_rt",
 "topaz_syntax",
 "topaz_value",
]

[[package]]
name = "topaz_difftest_py"
version = "5.17.0"
dependencies = [
 "topaz_check",
 "topaz_emit",
 "topaz_emit_py",
 "topaz_interp",
 "topaz_lower",
 "topaz_resolve",
 "topaz_rt",
 "topaz_syntax",
 "topaz_value",
]

[[package]]
name = "topaz_emit"
version = "5.20.0"
dependencies = [
 "topaz_diag",
 "topaz_hir",
 "topaz_syntax",
 "topaz_value",
]

[[package]]
name = "topaz_emit_py"
version = "5.20.0"
dependencies = [
 "topaz_check",
 "topaz_diag",
 "topaz_resolve",
 "topaz_syntax",
 "topaz_value",
]

[[package]]
name = "topaz_hir"
version = "5.20.0"
dependencies = [
 "topaz_diag",
 "topaz_syntax",
]

[[package]]
name = "topaz_interp"
version = "5.20.0"
dependencies = [
 "topaz_diag",
 "topaz_parser",
 "topaz_resolve",
 "topaz_syntax",
 "topaz_value",
]

[[package]]
name = "topaz_lexer"
version = "5.20.0"
dependencies = [
 "topaz_diag",
 "topaz_syntax",
]

[[package]]
name = "topaz_lower"
version = "5.20.0"
dependencies = [
 "topaz_check",
 "topaz_diag",
 "topaz_hir",
 "topaz_resolve",
 "topaz_syntax",
]

[[package]]
name = "topaz_parser"
version = "5.20.0"
dependencies = [
 "topaz_diag",
 "topaz_lexer",
 "topaz_syntax",
]

[[package]]
name = "topaz_product_runtime"
version = "5.20.0"
dependencies = [
 "topaz_value",
]

[[package]]
name = "topaz_resolve"
version = "5.20.0"
dependencies = [
 "topaz_diag",
 "topaz_parser",
 "topaz_syntax",
]

[[package]]
name = "topaz_rt"
version = "5.20.0"
dependencies = [
 "topaz_diag",
 "topaz_product_runtime",
 "topaz_value",
]

[[package]]
name = "topaz_syntax"
version = "5.20.0"
dependencies = [
 "topaz_diag",
]

[[package]]
name = "topaz_value"
version = "5.20.0"
dependencies = [
 "topaz_diag",
 "topaz_syntax",
]
