[[package]]
name = "bounded_lispex_decision_application"
version = "0.1.0"
source = "root"
manifest_hash = "sha256:3d510ee5fb76fbd97ac69c06ea91cbb7dfd2d35b5baeac1c387f079f5666b093"

[lispex]
profile = "lispex/r7rs-rule-embedded-core/1"
application = "topaz/lispex-decision-application/1"
application_quotas = "rules/application.quotas.json"
application_quotas_sha256 = "sha256:de718f0990d659c063b82703cabdfac90129cb3cc4826f272de2354414b2fc0b"
feature_set_sha256 = "sha256:c7ac2d3037b43dd90889467aabdcd2d3c061559bde12bb8330d878886c5ab429"
component_id = "lispex-embed-evaluator/1.20.0"
component_manifest_sha256 = "sha256:b2669402bc376ada4e9aa4c24daaf4bc687ef43aeea80c3959a81d55d8946ff8"
evaluator_sha256 = "sha256:8ecc89c1c0b6e83e75f2be23951e99ad9d3405a179b8f062a5cf76360fb16190"
abi_id = "lispex.embed-wasm-abi/v1"
value_codec_id = "lispex.embed-value/v1"
meter_model_id = "lispex-vm-meter/1"
artifact_contract_id = "topaz-lispex-embedding-contract/v1.2"
transcript_id = "lispex.embed-transcript/v1"
receipt_core_id = "lispex.embed-receipt-core/v1"
adapter_id = "topaz.lispex-embed-adapter/5.17"
admission_sha256 = "sha256:e3f0716289e18a62b1c4587643a3858c035a5554f1fe3298c4f9c337aeae755e"
target = "native"
target_disposition = "native-only"
handle_catalog_path = ".topaz/lispex/rule-handles.v1.json"
handle_catalog_sha256 = "sha256:6a49107fa3f90f25e82e4525a7506deab1bccd1b9f7a4fd0e8f84ada1c47d043"

[[lispex.rule]]
name = "approve"
source = "rules/approve.lspx"
source_sha256 = "sha256:9a925be85e412a46e613713749e964d4d5dd30a91b00e0d6b91bd55733208f2c"
limits = "rules/approve.limits.json"
limits_sha256 = "sha256:56d61353799f282edcaa2eeb3a7ad87fc9323614179836b24eae2308da3a64d8"
preparation_request_sha256 = "sha256:5acc32acc0f5f7a80990fe0d5fd95f0b1c3471afd7386c5b90f1483ee377b871"
preparation_submission_sha256 = "sha256:65d62f6d392293e3ba95c8c386cec103ac337d0d23fd9e4b57527f6705cf5d71"
prepared_artifact_path = ".topaz/lispex/rules/74e21680eac7385ca408cb01878465fd693b37e58eb0c0c32663a2d8f15d8136.lpxembed"
prepared_artifact_sha256 = "sha256:eca2f642aeeee737b5baefaa38c96000ae9937f57009008e4a57be74a086e543"

[[lispex.rule]]
name = "classify"
source = "rules/classify.lspx"
source_sha256 = "sha256:773c5f0cfea28543c7c36641fcf59610ff670b8c6a9435437d8fc47bf492b865"
limits = "rules/classify.limits.json"
limits_sha256 = "sha256:56d61353799f282edcaa2eeb3a7ad87fc9323614179836b24eae2308da3a64d8"
preparation_request_sha256 = "sha256:c720e4bbe28ec656b6dc20326d9a4c12072b74c7b3c4091658dd6fe0fa9b4ae2"
preparation_submission_sha256 = "sha256:660904d6664698566c3632084f7062f0865c1f5ad6cf4f204218a765add11127"
prepared_artifact_path = ".topaz/lispex/rules/fc1f263d32b8ed4a3a77ccf0385ba4d1450cfe96493ccea1d33bec6eaf8bc86f.lpxembed"
prepared_artifact_sha256 = "sha256:f35013ddcf2e06d35a0a305aefe91a863c7065dec8118d0c92be4b5bd1b26463"

[[lispex.rule]]
name = "deadline_probe"
source = "rules/deadline-probe.lspx"
source_sha256 = "sha256:4e3221895afd377f99e69233a0a9acc4f9650583405910ef0d559754f1a92106"
limits = "rules/deadline-probe.limits.json"
limits_sha256 = "sha256:0f5abe1b4b7733a42bbde70ef94c0748b2e3965145cbe387b3568a7a9b013ee5"
preparation_request_sha256 = "sha256:f794984d52a60b9e511c9e16c2a9e70d8464a95de8fee5e4bf628fcbd908dd39"
preparation_submission_sha256 = "sha256:bf5d54020d34831576c10da73871afaef62cfb28034a6d034e1d7249a857dc46"
prepared_artifact_path = ".topaz/lispex/rules/20cfd4ba8fa7ec3fcd29082f861d866a8855d02898a0cea341dae6ea6e0b14c3.lpxembed"
prepared_artifact_sha256 = "sha256:0599bea7a19e02bbd0137a170e4189115eee95d92fc618dca9c8c7ce1e9e47ce"

[[lispex.rule]]
name = "semantic_limit_probe"
source = "rules/approve.lspx"
source_sha256 = "sha256:9a925be85e412a46e613713749e964d4d5dd30a91b00e0d6b91bd55733208f2c"
limits = "rules/semantic-limit-probe.limits.json"
limits_sha256 = "sha256:4c4024f2f2e490861ff370648afac5b0dd6561dedf97194366486669e596db01"
preparation_request_sha256 = "sha256:5acc32acc0f5f7a80990fe0d5fd95f0b1c3471afd7386c5b90f1483ee377b871"
preparation_submission_sha256 = "sha256:65d62f6d392293e3ba95c8c386cec103ac337d0d23fd9e4b57527f6705cf5d71"
prepared_artifact_path = ".topaz/lispex/rules/a816b1c28477e3f27d463566fe72e58e9d5255f32fec48911f705270f39d1dd8.lpxembed"
prepared_artifact_sha256 = "sha256:eca2f642aeeee737b5baefaa38c96000ae9937f57009008e4a57be74a086e543"
